
Microsoft Visual Studio Solution File, Format Version 12.00
# Visual Studio Version 16
VisualStudioVersion = 16.0.33801.447
MinimumVisualStudioVersion = 10.0.40219.1
Project("{FAE04EC0-301F-11D3-BF4B-00C04F79EFBC}") = "convocation", "convocation.csproj", "{EA1F8965-5406-4B88-9822-6BFF3CFCD965}"
EndProject
Global
	GlobalSection(SolutionConfigurationPlatforms) = preSolution
		Debug|Any CPU = Debug|Any CPU
		Release|Any CPU = Release|Any CPU
	EndGlobalSection
	GlobalSection(ProjectConfigurationPlatforms) = postSolution
		{EA1F8965-5406-4B88-9822-6BFF3CFCD965}.Debug|Any CPU.ActiveCfg = Debug|Any CPU
		{EA1F8965-5406-4B88-9822-6BFF3CFCD965}.Debug|Any CPU.Build.0 = Debug|Any CPU
		{EA1F8965-5406-4B88-9822-6BFF3CFCD965}.Release|Any CPU.ActiveCfg = Release|Any CPU
		{EA1F8965-5406-4B88-9822-6BFF3CFCD965}.Release|Any CPU.Build.0 = Release|Any CPU
	EndGlobalSection
	GlobalSection(SolutionProperties) = preSolution
		HideSolutionNode = FALSE
	EndGlobalSection
	GlobalSection(ExtensibilityGlobals) = postSolution
		SolutionGuid = {3FEC13C9-9172-46CB-87BC-165CA04F6BCF}
	EndGlobalSection
EndGlobal
